
Microsoft Visual Studio Solution File, Format Version 12.00
# Visual Studio 14
VisualStudioVersion = 14.0.24720.0
MinimumVisualStudioVersion = 10.0.40219.1
Project("{FAE04EC0-301F-11D3-BF4B-00C04F79EFBC}") = "ExerciseAutoLock", "ExerciseAutoLock\ExerciseAutoLock.csproj", "{C4EA3C58-73FB-4F54-8BB0-B995FD9A9C52}"
EndProject
Project("{FAE04EC0-301F-11D3-BF4B-00C04F79EFBC}") = "DoorLockTests", "DoorLockTests\DoorLockTests.csproj", "{C16C7114-F428-4DD3-8C0D-6130DCB1C013}"
EndProject
Global
	GlobalSection(SolutionConfigurationPlatforms) = preSolution
		Debug|Any CPU = Debug|Any CPU
		Release|Any CPU = Release|Any CPU
	EndGlobalSection
	GlobalSection(ProjectConfigurationPlatforms) = postSolution
		{C4EA3C58-73FB-4F54-8BB0-B995FD9A9C52}.Debug|Any CPU.ActiveCfg = Debug|Any CPU
		{C4EA3C58-73FB-4F54-8BB0-B995FD9A9C52}.Debug|Any CPU.Build.0 = Debug|Any CPU
		{C4EA3C58-73FB-4F54-8BB0-B995FD9A9C52}.Release|Any CPU.ActiveCfg = Release|Any CPU
		{C4EA3C58-73FB-4F54-8BB0-B995FD9A9C52}.Release|Any CPU.Build.0 = Release|Any CPU
		{C16C7114-F428-4DD3-8C0D-6130DCB1C013}.Debug|Any CPU.ActiveCfg = Debug|Any CPU
		{C16C7114-F428-4DD3-8C0D-6130DCB1C013}.Debug|Any CPU.Build.0 = Debug|Any CPU
		{C16C7114-F428-4DD3-8C0D-6130DCB1C013}.Release|Any CPU.ActiveCfg = Release|Any CPU
		{C16C7114-F428-4DD3-8C0D-6130DCB1C013}.Release|Any CPU.Build.0 = Release|Any CPU
	EndGlobalSection
	GlobalSection(SolutionProperties) = preSolution
		HideSolutionNode = FALSE
	EndGlobalSection
EndGlobal
